
Microsoft Visual Studio Solution File, Format Version 12.00
# Visual Studio Version 16
VisualStudioVersion = 16.0.30204.135
MinimumVisualStudioVersion = 10.0.40219.1
Project("{FAE04EC0-301F-11D3-BF4B-00C04F79EFBC}") = "ex_blank_calculator", "ex_blank_calculator\ex_blank_calculator.csproj", "{E78B70C4-96D9-431D-9D6F-3B86CCBBFA03}"
EndProject
Project("{FAE04EC0-301F-11D3-BF4B-00C04F79EFBC}") = "WindowsFormsAppCalculator", "WindowsFormsAppCalculator\WindowsFormsAppCalculator.csproj", "{38C6D510-08D0-4BBE-BD2A-17617D1AD3B4}"
EndProject
Global
	GlobalSection(SolutionConfigurationPlatforms) = preSolution
		Debug|Any CPU = Debug|Any CPU
		Release|Any CPU = Release|Any CPU
	EndGlobalSection
	GlobalSection(ProjectConfigurationPlatforms) = postSolution
		{E78B70C4-96D9-431D-9D6F-3B86CCBBFA03}.Debug|Any CPU.ActiveCfg = Debug|Any CPU
		{E78B70C4-96D9-431D-9D6F-3B86CCBBFA03}.Debug|Any CPU.Build.0 = Debug|Any CPU
		{E78B70C4-96D9-431D-9D6F-3B86CCBBFA03}.Release|Any CPU.ActiveCfg = Release|Any CPU
		{E78B70C4-96D9-431D-9D6F-3B86CCBBFA03}.Release|Any CPU.Build.0 = Release|Any CPU
		{38C6D510-08D0-4BBE-BD2A-17617D1AD3B4}.Debug|Any CPU.ActiveCfg = Debug|Any CPU
		{38C6D510-08D0-4BBE-BD2A-17617D1AD3B4}.Debug|Any CPU.Build.0 = Debug|Any CPU
		{38C6D510-08D0-4BBE-BD2A-17617D1AD3B4}.Release|Any CPU.ActiveCfg = Release|Any CPU
		{38C6D510-08D0-4BBE-BD2A-17617D1AD3B4}.Release|Any CPU.Build.0 = Release|Any CPU
	EndGlobalSection
	GlobalSection(SolutionProperties) = preSolution
		HideSolutionNode = FALSE
	EndGlobalSection
	GlobalSection(ExtensibilityGlobals) = postSolution
		SolutionGuid = {109CE23F-1511-4FFC-8EFA-0E05F2F75BC7}
	EndGlobalSection
EndGlobal
